
Microsoft Visual Studio Solution File, Format Version 12.00
# Visual Studio Version 17
VisualStudioVersion = 17.5.002.0
MinimumVisualStudioVersion = 10.0.40219.1
Project("{9A19103F-16F7-4668-BE54-9A1E7A4F7556}") = "Cocineros y Platos", "Cocineros y Platos.csproj", "{B51C09F5-ACCE-4491-B318-4E4F3E901977}"
EndProject
Global
	GlobalSection(SolutionConfigurationPlatforms) = preSolution
		Debug|Any CPU = Debug|Any CPU
		Release|Any CPU = Release|Any CPU
	EndGlobalSection
	GlobalSection(ProjectConfigurationPlatforms) = postSolution
		{B51C09F5-ACCE-4491-B318-4E4F3E901977}.Debug|Any CPU.ActiveCfg = Debug|Any CPU
		{B51C09F5-ACCE-4491-B318-4E4F3E901977}.Debug|Any CPU.Build.0 = Debug|Any CPU
		{B51C09F5-ACCE-4491-B318-4E4F3E901977}.Release|Any CPU.ActiveCfg = Release|Any CPU
		{B51C09F5-ACCE-4491-B318-4E4F3E901977}.Release|Any CPU.Build.0 = Release|Any CPU
	EndGlobalSection
	GlobalSection(SolutionProperties) = preSolution
		HideSolutionNode = FALSE
	EndGlobalSection
	GlobalSection(ExtensibilityGlobals) = postSolution
		SolutionGuid = {BD769A7C-42A8-4D33-860C-8ED43DD66DEF}
	EndGlobalSection
EndGlobal
